
Microsoft Visual Studio Solution File, Format Version 12.00
# Visual Studio 15
VisualStudioVersion = 15.0.27130.2027
MinimumVisualStudioVersion = 10.0.40219.1
Project("{FAE04EC0-301F-11D3-BF4B-00C04F79EFBC}") = "EZAppz.Core", "EZAppz.Core\EZAppz.Core.csproj", "{3E1CF239-7DC2-4BDB-B2FD-09FA72268249}"
EndProject
Project("{FAE04EC0-301F-11D3-BF4B-00C04F79EFBC}") = "EZAppz.Core.Tester", "EZAppz.Core.Tester\EZAppz.Core.Tester.csproj", "{AC789F94-D75E-45FF-8ED2-ACDB9E56231E}"
EndProject
Global
	GlobalSection(SolutionConfigurationPlatforms) = preSolution
		Debug|Any CPU = Debug|Any CPU
		Release|Any CPU = Release|Any CPU
	EndGlobalSection
	GlobalSection(ProjectConfigurationPlatforms) = postSolution
		{3E1CF239-7DC2-4BDB-B2FD-09FA72268249}.Debug|Any CPU.ActiveCfg = Debug|Any CPU
		{3E1CF239-7DC2-4BDB-B2FD-09FA72268249}.Debug|Any CPU.Build.0 = Debug|Any CPU
		{3E1CF239-7DC2-4BDB-B2FD-09FA72268249}.Release|Any CPU.ActiveCfg = Release|Any CPU
		{3E1CF239-7DC2-4BDB-B2FD-09FA72268249}.Release|Any CPU.Build.0 = Release|Any CPU
		{AC789F94-D75E-45FF-8ED2-ACDB9E56231E}.Debug|Any CPU.ActiveCfg = Debug|Any CPU
		{AC789F94-D75E-45FF-8ED2-ACDB9E56231E}.Debug|Any CPU.Build.0 = Debug|Any CPU
		{AC789F94-D75E-45FF-8ED2-ACDB9E56231E}.Release|Any CPU.ActiveCfg = Release|Any CPU
		{AC789F94-D75E-45FF-8ED2-ACDB9E56231E}.Release|Any CPU.Build.0 = Release|Any CPU
	EndGlobalSection
	GlobalSection(SolutionProperties) = preSolution
		HideSolutionNode = FALSE
	EndGlobalSection
	GlobalSection(ExtensibilityGlobals) = postSolution
		SolutionGuid = {4E32610A-8661-4683-8F8F-E92E1443479C}
	EndGlobalSection
EndGlobal
